
Microsoft Visual Studio Solution File, Format Version 12.00
# Visual Studio Version 16
VisualStudioVersion = 16.0.29318.209
MinimumVisualStudioVersion = 10.0.40219.1
Project("{FAE04EC0-301F-11D3-BF4B-00C04F79EFBC}") = "KerberosUpnTestService", "KerberosUpnTestService\KerberosUpnTestService.csproj", "{BBFE6ABE-3144-4E38-A86D-4B207BCEDFA7}"
EndProject
Project("{9A19103F-16F7-4668-BE54-9A1E7A4F7556}") = "KerberosUpnTestClient", "KerberosUpnTestClient\KerberosUpnTestClient.csproj", "{C48CD750-12E2-4512-B8E4-DA9487CD47CB}"
EndProject
Global
	GlobalSection(SolutionConfigurationPlatforms) = preSolution
		Debug|Any CPU = Debug|Any CPU
		Release|Any CPU = Release|Any CPU
	EndGlobalSection
	GlobalSection(ProjectConfigurationPlatforms) = postSolution
		{BBFE6ABE-3144-4E38-A86D-4B207BCEDFA7}.Debug|Any CPU.ActiveCfg = Debug|Any CPU
		{BBFE6ABE-3144-4E38-A86D-4B207BCEDFA7}.Debug|Any CPU.Build.0 = Debug|Any CPU
		{BBFE6ABE-3144-4E38-A86D-4B207BCEDFA7}.Release|Any CPU.ActiveCfg = Release|Any CPU
		{BBFE6ABE-3144-4E38-A86D-4B207BCEDFA7}.Release|Any CPU.Build.0 = Release|Any CPU
		{C48CD750-12E2-4512-B8E4-DA9487CD47CB}.Debug|Any CPU.ActiveCfg = Debug|Any CPU
		{C48CD750-12E2-4512-B8E4-DA9487CD47CB}.Debug|Any CPU.Build.0 = Debug|Any CPU
		{C48CD750-12E2-4512-B8E4-DA9487CD47CB}.Release|Any CPU.ActiveCfg = Release|Any CPU
		{C48CD750-12E2-4512-B8E4-DA9487CD47CB}.Release|Any CPU.Build.0 = Release|Any CPU
	EndGlobalSection
	GlobalSection(SolutionProperties) = preSolution
		HideSolutionNode = FALSE
	EndGlobalSection
	GlobalSection(ExtensibilityGlobals) = postSolution
		SolutionGuid = {A9A91542-D674-43E9-9578-767ECF5684A7}
	EndGlobalSection
EndGlobal
